
Microsoft Visual Studio Solution File, Format Version 12.00
# Visual Studio Version 17
VisualStudioVersion = 17.8.34330.188
MinimumVisualStudioVersion = 10.0.40219.1
Project("{2150E333-8FDC-42A3-9474-1A3956D46DE8}") = "src", "src", "{063DDBE2-3DF9-4D44-B4F4-532778AF642E}"
EndProject
Project("{E53339B2-1760-4266-BCC7-CA923CBCF16C}") = "docker-compose", "docker-compose.dcproj", "{6C7E9286-F819-459D-BC81-E21B72E2632F}"
EndProject
Project("{2150E333-8FDC-42A3-9474-1A3956D46DE8}") = "API", "API", "{2188AA40-780D-4095-8069-3C5A651DC292}"
EndProject
Project("{2150E333-8FDC-42A3-9474-1A3956D46DE8}") = "Modules", "Modules", "{B1B5432E-FAD6-4C8C-8064-350F03B730C1}"
EndProject
Project("{2150E333-8FDC-42A3-9474-1A3956D46DE8}") = "Groups", "Groups", "{7BE34B56-1756-49A7-8FC8-F81BED6F332D}"
EndProject
Project("{FAE04EC0-301F-11D3-BF4B-00C04F79EFBC}") = "TRunner.API", "src\API\TRunner.API\TRunner.API.csproj", "{2A8B27D2-B4FF-4F15-A8B0-063EA25BC9BF}"
EndProject
Project("{FAE04EC0-301F-11D3-BF4B-00C04F79EFBC}") = "TRunner.Modules.Groups.Presentation", "src\Modules\Groups\TRunner.Modules.Groups.Api\TRunner.Modules.Groups.Presentation.csproj", "{0A059C38-C268-4A29-A3C2-DEF2447CBD2F}"
EndProject
Project("{FAE04EC0-301F-11D3-BF4B-00C04F79EFBC}") = "TRunner.Modules.Groups.Domain", "src\Modules\Groups\TRunner.Modules.Groups.Domain\TRunner.Modules.Groups.Domain.csproj", "{43C77F7A-2EE8-4C69-BAF1-253CB07F1250}"
EndProject
Project("{FAE04EC0-301F-11D3-BF4B-00C04F79EFBC}") = "TRunner.Modules.Groups.Application", "src\Modules\Groups\TRunner.Modules.Groups.Application\TRunner.Modules.Groups.Application.csproj", "{4186ABFA-34B8-473D-A861-C8578FE7BF8C}"
EndProject
Project("{FAE04EC0-301F-11D3-BF4B-00C04F79EFBC}") = "TRunner.Modules.Groups.Infrastructure", "src\Modules\Groups\TRunner.Modules.Groups.Infrastructure\TRunner.Modules.Groups.Infrastructure.csproj", "{F029541A-1AA8-4257-BFE5-148930F3089D}"
EndProject
Global
	GlobalSection(SolutionConfigurationPlatforms) = preSolution
		Debug|Any CPU = Debug|Any CPU
		Release|Any CPU = Release|Any CPU
	EndGlobalSection
	GlobalSection(ProjectConfigurationPlatforms) = postSolution
		{6C7E9286-F819-459D-BC81-E21B72E2632F}.Debug|Any CPU.ActiveCfg = Debug|Any CPU
		{6C7E9286-F819-459D-BC81-E21B72E2632F}.Debug|Any CPU.Build.0 = Debug|Any CPU
		{6C7E9286-F819-459D-BC81-E21B72E2632F}.Release|Any CPU.ActiveCfg = Release|Any CPU
		{6C7E9286-F819-459D-BC81-E21B72E2632F}.Release|Any CPU.Build.0 = Release|Any CPU
		{2A8B27D2-B4FF-4F15-A8B0-063EA25BC9BF}.Debug|Any CPU.ActiveCfg = Debug|Any CPU
		{2A8B27D2-B4FF-4F15-A8B0-063EA25BC9BF}.Debug|Any CPU.Build.0 = Debug|Any CPU
		{2A8B27D2-B4FF-4F15-A8B0-063EA25BC9BF}.Release|Any CPU.ActiveCfg = Release|Any CPU
		{2A8B27D2-B4FF-4F15-A8B0-063EA25BC9BF}.Release|Any CPU.Build.0 = Release|Any CPU
		{0A059C38-C268-4A29-A3C2-DEF2447CBD2F}.Debug|Any CPU.ActiveCfg = Debug|Any CPU
		{0A059C38-C268-4A29-A3C2-DEF2447CBD2F}.Debug|Any CPU.Build.0 = Debug|Any CPU
		{0A059C38-C268-4A29-A3C2-DEF2447CBD2F}.Release|Any CPU.ActiveCfg = Release|Any CPU
		{0A059C38-C268-4A29-A3C2-DEF2447CBD2F}.Release|Any CPU.Build.0 = Release|Any CPU
		{43C77F7A-2EE8-4C69-BAF1-253CB07F1250}.Debug|Any CPU.ActiveCfg = Debug|Any CPU
		{43C77F7A-2EE8-4C69-BAF1-253CB07F1250}.Debug|Any CPU.Build.0 = Debug|Any CPU
		{43C77F7A-2EE8-4C69-BAF1-253CB07F1250}.Release|Any CPU.ActiveCfg = Release|Any CPU
		{43C77F7A-2EE8-4C69-BAF1-253CB07F1250}.Release|Any CPU.Build.0 = Release|Any CPU
		{4186ABFA-34B8-473D-A861-C8578FE7BF8C}.Debug|Any CPU.ActiveCfg = Debug|Any CPU
		{4186ABFA-34B8-473D-A861-C8578FE7BF8C}.Debug|Any CPU.Build.0 = Debug|Any CPU
		{4186ABFA-34B8-473D-A861-C8578FE7BF8C}.Release|Any CPU.ActiveCfg = Release|Any CPU
		{4186ABFA-34B8-473D-A861-C8578FE7BF8C}.Release|Any CPU.Build.0 = Release|Any CPU
		{F029541A-1AA8-4257-BFE5-148930F3089D}.Debug|Any CPU.ActiveCfg = Debug|Any CPU
		{F029541A-1AA8-4257-BFE5-148930F3089D}.Debug|Any CPU.Build.0 = Debug|Any CPU
		{F029541A-1AA8-4257-BFE5-148930F3089D}.Release|Any CPU.ActiveCfg = Release|Any CPU
		{F029541A-1AA8-4257-BFE5-148930F3089D}.Release|Any CPU.Build.0 = Release|Any CPU
	EndGlobalSection
	GlobalSection(SolutionProperties) = preSolution
		HideSolutionNode = FALSE
	EndGlobalSection
	GlobalSection(NestedProjects) = preSolution
		{2188AA40-780D-4095-8069-3C5A651DC292} = {063DDBE2-3DF9-4D44-B4F4-532778AF642E}
		{B1B5432E-FAD6-4C8C-8064-350F03B730C1} = {063DDBE2-3DF9-4D44-B4F4-532778AF642E}
		{7BE34B56-1756-49A7-8FC8-F81BED6F332D} = {B1B5432E-FAD6-4C8C-8064-350F03B730C1}
		{2A8B27D2-B4FF-4F15-A8B0-063EA25BC9BF} = {2188AA40-780D-4095-8069-3C5A651DC292}
		{0A059C38-C268-4A29-A3C2-DEF2447CBD2F} = {7BE34B56-1756-49A7-8FC8-F81BED6F332D}
		{43C77F7A-2EE8-4C69-BAF1-253CB07F1250} = {7BE34B56-1756-49A7-8FC8-F81BED6F332D}
		{4186ABFA-34B8-473D-A861-C8578FE7BF8C} = {7BE34B56-1756-49A7-8FC8-F81BED6F332D}
		{F029541A-1AA8-4257-BFE5-148930F3089D} = {7BE34B56-1756-49A7-8FC8-F81BED6F332D}
	EndGlobalSection
	GlobalSection(ExtensibilityGlobals) = postSolution
		SolutionGuid = {6EC6F4E2-BECD-4776-917F-4221DC1C37A1}
	EndGlobalSection
EndGlobal
