
Microsoft Visual Studio Solution File, Format Version 12.00
# Visual Studio Version 17
VisualStudioVersion = 17.8.34330.188
MinimumVisualStudioVersion = 10.0.40219.1
Project("{2150E333-8FDC-42A3-9474-1A3956D46DE8}") = "src", "src", "{063DDBE2-3DF9-4D44-B4F4-532778AF642E}"
EndProject
Project("{2150E333-8FDC-42A3-9474-1A3956D46DE8}") = "API", "API", "{2188AA40-780D-4095-8069-3C5A651DC292}"
EndProject
Project("{2150E333-8FDC-42A3-9474-1A3956D46DE8}") = "Modules", "Modules", "{B1B5432E-FAD6-4C8C-8064-350F03B730C1}"
EndProject
Project("{2150E333-8FDC-42A3-9474-1A3956D46DE8}") = "Groups", "Groups", "{7BE34B56-1756-49A7-8FC8-F81BED6F332D}"
EndProject
Project("{9A19103F-16F7-4668-BE54-9A1E7A4F7556}") = "TRunner.API", "src\API\TRunner.API\TRunner.API.csproj", "{2A8B27D2-B4FF-4F15-A8B0-063EA25BC9BF}"
EndProject
Project("{9A19103F-16F7-4668-BE54-9A1E7A4F7556}") = "TRunner.Modules.Groups.Presentation", "src\Modules\Groups\TRunner.Modules.Groups.Api\TRunner.Modules.Groups.Presentation.csproj", "{0A059C38-C268-4A29-A3C2-DEF2447CBD2F}"
EndProject
Project("{9A19103F-16F7-4668-BE54-9A1E7A4F7556}") = "TRunner.Modules.Groups.Domain", "src\Modules\Groups\TRunner.Modules.Groups.Domain\TRunner.Modules.Groups.Domain.csproj", "{43C77F7A-2EE8-4C69-BAF1-253CB07F1250}"
EndProject
Project("{9A19103F-16F7-4668-BE54-9A1E7A4F7556}") = "TRunner.Modules.Groups.Application", "src\Modules\Groups\TRunner.Modules.Groups.Application\TRunner.Modules.Groups.Application.csproj", "{4186ABFA-34B8-473D-A861-C8578FE7BF8C}"
EndProject
Project("{9A19103F-16F7-4668-BE54-9A1E7A4F7556}") = "TRunner.Modules.Groups.Infrastructure", "src\Modules\Groups\TRunner.Modules.Groups.Infrastructure\TRunner.Modules.Groups.Infrastructure.csproj", "{F029541A-1AA8-4257-BFE5-148930F3089D}"
EndProject
Project("{2150E333-8FDC-42A3-9474-1A3956D46DE8}") = "Common", "Common", "{8C44FB57-6213-423B-92C3-21A87FF17C9C}"
EndProject
Project("{9A19103F-16F7-4668-BE54-9A1E7A4F7556}") = "TRunner.Common.Application", "src\Common\TRunner.Common.Application\TRunner.Common.Application.csproj", "{63CC95E4-9E87-4553-932B-EB1040D19392}"
EndProject
Project("{9A19103F-16F7-4668-BE54-9A1E7A4F7556}") = "TRunner.Common.Presentation", "src\Common\TRunner.Common.Presentation\TRunner.Common.Presentation.csproj", "{33942C78-4574-41B7-869C-F1B9E5766CA2}"
EndProject
Project("{9A19103F-16F7-4668-BE54-9A1E7A4F7556}") = "TRunner.Common.Domain", "src\Common\TRunner.Common.Domain\TRunner.Common.Domain.csproj", "{822E4D0F-AFDA-4012-97C4-15A141C7198B}"
EndProject
Project("{9A19103F-16F7-4668-BE54-9A1E7A4F7556}") = "TRunner.Common.Infrastructure", "src\Common\TRunner.Common.Infrastructure\TRunner.Common.Infrastructure.csproj", "{7B938599-7790-469F-B45B-FF5535A40BD2}"
EndProject
Project("{E53339B2-1760-4266-BCC7-CA923CBCF16C}") = "docker-compose", "docker-compose.dcproj", "{72EAF8B3-A506-4E83-8355-FFA778FD376F}"
EndProject
Project("{2150E333-8FDC-42A3-9474-1A3956D46DE8}") = "Users", "Users", "{25270FF8-B278-4B63-A866-BFF6CAEDD0E0}"
EndProject
Project("{9A19103F-16F7-4668-BE54-9A1E7A4F7556}") = "TRunner.Modules.Users.Domain", "src\Modules\Users\TRunner.Modules.Users.Domain\TRunner.Modules.Users.Domain.csproj", "{5C4DBFF8-E82C-4528-8E17-792D77B6AD39}"
EndProject
Project("{9A19103F-16F7-4668-BE54-9A1E7A4F7556}") = "TRunner.Modules.Users.Application", "src\Modules\Users\TRunner.Modules.Users.Application\TRunner.Modules.Users.Application.csproj", "{10AF16E3-DF63-4DFE-89A3-F734875152ED}"
EndProject
Project("{9A19103F-16F7-4668-BE54-9A1E7A4F7556}") = "TRunner.Modules.Users.Presentation", "src\Modules\Users\TRunner.Modules.Users.Presentation\TRunner.Modules.Users.Presentation.csproj", "{AF3E7E7E-42FB-4FC3-BBF8-665053610BB5}"
EndProject
Project("{9A19103F-16F7-4668-BE54-9A1E7A4F7556}") = "TRunner.Modules.Users.Infrastructure", "src\Modules\Users\TRunner.Modules.Users.Infrastructure\TRunner.Modules.Users.Infrastructure.csproj", "{E56F4B60-91D2-4A13-A19E-90C42C4B5176}"
EndProject
Project("{2150E333-8FDC-42A3-9474-1A3956D46DE8}") = "Runs", "Runs", "{A359A71A-238F-44FE-B6DB-9E713FFE3DCA}"
EndProject
Project("{FAE04EC0-301F-11D3-BF4B-00C04F79EFBC}") = "TRunner.Modules.Runs.Domain", "src\Modules\Runs\TRunner.Modules.Runs.Domain\TRunner.Modules.Runs.Domain.csproj", "{FE9975DE-F272-437A-B4F6-A25DAB0CB6CA}"
EndProject
Project("{FAE04EC0-301F-11D3-BF4B-00C04F79EFBC}") = "TRunner.Modules.Runs.Application", "src\Modules\Runs\TRunner.Modules.Runs.Application\TRunner.Modules.Runs.Application.csproj", "{B26778A0-C7A7-40F3-A857-13F194ED36A8}"
EndProject
Project("{FAE04EC0-301F-11D3-BF4B-00C04F79EFBC}") = "TRunner.Modules.Runs.Infrastructure", "src\Modules\Runs\TRunner.Modules.Runs.Infrastructure\TRunner.Modules.Runs.Infrastructure.csproj", "{FCF69D9E-BB2C-4358-96A3-91040A7D2474}"
EndProject
Project("{FAE04EC0-301F-11D3-BF4B-00C04F79EFBC}") = "TRunner.Modules.Runs.Presentation", "src\Modules\Runs\TRunner.Modules.Runs.Presentation\TRunner.Modules.Runs.Presentation.csproj", "{894F22F2-A51C-41AB-B3B4-427D1485C599}"
EndProject
Global
	GlobalSection(SolutionConfigurationPlatforms) = preSolution
		Debug|Any CPU = Debug|Any CPU
		Release|Any CPU = Release|Any CPU
	EndGlobalSection
	GlobalSection(ProjectConfigurationPlatforms) = postSolution
		{2A8B27D2-B4FF-4F15-A8B0-063EA25BC9BF}.Debug|Any CPU.ActiveCfg = Debug|Any CPU
		{2A8B27D2-B4FF-4F15-A8B0-063EA25BC9BF}.Debug|Any CPU.Build.0 = Debug|Any CPU
		{2A8B27D2-B4FF-4F15-A8B0-063EA25BC9BF}.Release|Any CPU.ActiveCfg = Release|Any CPU
		{2A8B27D2-B4FF-4F15-A8B0-063EA25BC9BF}.Release|Any CPU.Build.0 = Release|Any CPU
		{0A059C38-C268-4A29-A3C2-DEF2447CBD2F}.Debug|Any CPU.ActiveCfg = Debug|Any CPU
		{0A059C38-C268-4A29-A3C2-DEF2447CBD2F}.Debug|Any CPU.Build.0 = Debug|Any CPU
		{0A059C38-C268-4A29-A3C2-DEF2447CBD2F}.Release|Any CPU.ActiveCfg = Release|Any CPU
		{0A059C38-C268-4A29-A3C2-DEF2447CBD2F}.Release|Any CPU.Build.0 = Release|Any CPU
		{43C77F7A-2EE8-4C69-BAF1-253CB07F1250}.Debug|Any CPU.ActiveCfg = Debug|Any CPU
		{43C77F7A-2EE8-4C69-BAF1-253CB07F1250}.Debug|Any CPU.Build.0 = Debug|Any CPU
		{43C77F7A-2EE8-4C69-BAF1-253CB07F1250}.Release|Any CPU.ActiveCfg = Release|Any CPU
		{43C77F7A-2EE8-4C69-BAF1-253CB07F1250}.Release|Any CPU.Build.0 = Release|Any CPU
		{4186ABFA-34B8-473D-A861-C8578FE7BF8C}.Debug|Any CPU.ActiveCfg = Debug|Any CPU
		{4186ABFA-34B8-473D-A861-C8578FE7BF8C}.Debug|Any CPU.Build.0 = Debug|Any CPU
		{4186ABFA-34B8-473D-A861-C8578FE7BF8C}.Release|Any CPU.ActiveCfg = Release|Any CPU
		{4186ABFA-34B8-473D-A861-C8578FE7BF8C}.Release|Any CPU.Build.0 = Release|Any CPU
		{F029541A-1AA8-4257-BFE5-148930F3089D}.Debug|Any CPU.ActiveCfg = Debug|Any CPU
		{F029541A-1AA8-4257-BFE5-148930F3089D}.Debug|Any CPU.Build.0 = Debug|Any CPU
		{F029541A-1AA8-4257-BFE5-148930F3089D}.Release|Any CPU.ActiveCfg = Release|Any CPU
		{F029541A-1AA8-4257-BFE5-148930F3089D}.Release|Any CPU.Build.0 = Release|Any CPU
		{63CC95E4-9E87-4553-932B-EB1040D19392}.Debug|Any CPU.ActiveCfg = Debug|Any CPU
		{63CC95E4-9E87-4553-932B-EB1040D19392}.Debug|Any CPU.Build.0 = Debug|Any CPU
		{63CC95E4-9E87-4553-932B-EB1040D19392}.Release|Any CPU.ActiveCfg = Release|Any CPU
		{63CC95E4-9E87-4553-932B-EB1040D19392}.Release|Any CPU.Build.0 = Release|Any CPU
		{33942C78-4574-41B7-869C-F1B9E5766CA2}.Debug|Any CPU.ActiveCfg = Debug|Any CPU
		{33942C78-4574-41B7-869C-F1B9E5766CA2}.Debug|Any CPU.Build.0 = Debug|Any CPU
		{33942C78-4574-41B7-869C-F1B9E5766CA2}.Release|Any CPU.ActiveCfg = Release|Any CPU
		{33942C78-4574-41B7-869C-F1B9E5766CA2}.Release|Any CPU.Build.0 = Release|Any CPU
		{822E4D0F-AFDA-4012-97C4-15A141C7198B}.Debug|Any CPU.ActiveCfg = Debug|Any CPU
		{822E4D0F-AFDA-4012-97C4-15A141C7198B}.Debug|Any CPU.Build.0 = Debug|Any CPU
		{822E4D0F-AFDA-4012-97C4-15A141C7198B}.Release|Any CPU.ActiveCfg = Release|Any CPU
		{822E4D0F-AFDA-4012-97C4-15A141C7198B}.Release|Any CPU.Build.0 = Release|Any CPU
		{7B938599-7790-469F-B45B-FF5535A40BD2}.Debug|Any CPU.ActiveCfg = Debug|Any CPU
		{7B938599-7790-469F-B45B-FF5535A40BD2}.Debug|Any CPU.Build.0 = Debug|Any CPU
		{7B938599-7790-469F-B45B-FF5535A40BD2}.Release|Any CPU.ActiveCfg = Release|Any CPU
		{7B938599-7790-469F-B45B-FF5535A40BD2}.Release|Any CPU.Build.0 = Release|Any CPU
		{72EAF8B3-A506-4E83-8355-FFA778FD376F}.Debug|Any CPU.ActiveCfg = Debug|Any CPU
		{72EAF8B3-A506-4E83-8355-FFA778FD376F}.Debug|Any CPU.Build.0 = Debug|Any CPU
		{72EAF8B3-A506-4E83-8355-FFA778FD376F}.Release|Any CPU.ActiveCfg = Release|Any CPU
		{72EAF8B3-A506-4E83-8355-FFA778FD376F}.Release|Any CPU.Build.0 = Release|Any CPU
		{5C4DBFF8-E82C-4528-8E17-792D77B6AD39}.Debug|Any CPU.ActiveCfg = Debug|Any CPU
		{5C4DBFF8-E82C-4528-8E17-792D77B6AD39}.Debug|Any CPU.Build.0 = Debug|Any CPU
		{5C4DBFF8-E82C-4528-8E17-792D77B6AD39}.Release|Any CPU.ActiveCfg = Release|Any CPU
		{5C4DBFF8-E82C-4528-8E17-792D77B6AD39}.Release|Any CPU.Build.0 = Release|Any CPU
		{10AF16E3-DF63-4DFE-89A3-F734875152ED}.Debug|Any CPU.ActiveCfg = Debug|Any CPU
		{10AF16E3-DF63-4DFE-89A3-F734875152ED}.Debug|Any CPU.Build.0 = Debug|Any CPU
		{10AF16E3-DF63-4DFE-89A3-F734875152ED}.Release|Any CPU.ActiveCfg = Release|Any CPU
		{10AF16E3-DF63-4DFE-89A3-F734875152ED}.Release|Any CPU.Build.0 = Release|Any CPU
		{AF3E7E7E-42FB-4FC3-BBF8-665053610BB5}.Debug|Any CPU.ActiveCfg = Debug|Any CPU
		{AF3E7E7E-42FB-4FC3-BBF8-665053610BB5}.Debug|Any CPU.Build.0 = Debug|Any CPU
		{AF3E7E7E-42FB-4FC3-BBF8-665053610BB5}.Release|Any CPU.ActiveCfg = Release|Any CPU
		{AF3E7E7E-42FB-4FC3-BBF8-665053610BB5}.Release|Any CPU.Build.0 = Release|Any CPU
		{E56F4B60-91D2-4A13-A19E-90C42C4B5176}.Debug|Any CPU.ActiveCfg = Debug|Any CPU
		{E56F4B60-91D2-4A13-A19E-90C42C4B5176}.Debug|Any CPU.Build.0 = Debug|Any CPU
		{E56F4B60-91D2-4A13-A19E-90C42C4B5176}.Release|Any CPU.ActiveCfg = Release|Any CPU
		{E56F4B60-91D2-4A13-A19E-90C42C4B5176}.Release|Any CPU.Build.0 = Release|Any CPU
		{FE9975DE-F272-437A-B4F6-A25DAB0CB6CA}.Debug|Any CPU.ActiveCfg = Debug|Any CPU
		{FE9975DE-F272-437A-B4F6-A25DAB0CB6CA}.Debug|Any CPU.Build.0 = Debug|Any CPU
		{FE9975DE-F272-437A-B4F6-A25DAB0CB6CA}.Release|Any CPU.ActiveCfg = Release|Any CPU
		{FE9975DE-F272-437A-B4F6-A25DAB0CB6CA}.Release|Any CPU.Build.0 = Release|Any CPU
		{B26778A0-C7A7-40F3-A857-13F194ED36A8}.Debug|Any CPU.ActiveCfg = Debug|Any CPU
		{B26778A0-C7A7-40F3-A857-13F194ED36A8}.Debug|Any CPU.Build.0 = Debug|Any CPU
		{B26778A0-C7A7-40F3-A857-13F194ED36A8}.Release|Any CPU.ActiveCfg = Release|Any CPU
		{B26778A0-C7A7-40F3-A857-13F194ED36A8}.Release|Any CPU.Build.0 = Release|Any CPU
		{FCF69D9E-BB2C-4358-96A3-91040A7D2474}.Debug|Any CPU.ActiveCfg = Debug|Any CPU
		{FCF69D9E-BB2C-4358-96A3-91040A7D2474}.Debug|Any CPU.Build.0 = Debug|Any CPU
		{FCF69D9E-BB2C-4358-96A3-91040A7D2474}.Release|Any CPU.ActiveCfg = Release|Any CPU
		{FCF69D9E-BB2C-4358-96A3-91040A7D2474}.Release|Any CPU.Build.0 = Release|Any CPU
		{894F22F2-A51C-41AB-B3B4-427D1485C599}.Debug|Any CPU.ActiveCfg = Debug|Any CPU
		{894F22F2-A51C-41AB-B3B4-427D1485C599}.Debug|Any CPU.Build.0 = Debug|Any CPU
		{894F22F2-A51C-41AB-B3B4-427D1485C599}.Release|Any CPU.ActiveCfg = Release|Any CPU
		{894F22F2-A51C-41AB-B3B4-427D1485C599}.Release|Any CPU.Build.0 = Release|Any CPU
	EndGlobalSection
	GlobalSection(SolutionProperties) = preSolution
		HideSolutionNode = FALSE
	EndGlobalSection
	GlobalSection(NestedProjects) = preSolution
		{2188AA40-780D-4095-8069-3C5A651DC292} = {063DDBE2-3DF9-4D44-B4F4-532778AF642E}
		{B1B5432E-FAD6-4C8C-8064-350F03B730C1} = {063DDBE2-3DF9-4D44-B4F4-532778AF642E}
		{7BE34B56-1756-49A7-8FC8-F81BED6F332D} = {B1B5432E-FAD6-4C8C-8064-350F03B730C1}
		{2A8B27D2-B4FF-4F15-A8B0-063EA25BC9BF} = {2188AA40-780D-4095-8069-3C5A651DC292}
		{0A059C38-C268-4A29-A3C2-DEF2447CBD2F} = {7BE34B56-1756-49A7-8FC8-F81BED6F332D}
		{43C77F7A-2EE8-4C69-BAF1-253CB07F1250} = {7BE34B56-1756-49A7-8FC8-F81BED6F332D}
		{4186ABFA-34B8-473D-A861-C8578FE7BF8C} = {7BE34B56-1756-49A7-8FC8-F81BED6F332D}
		{F029541A-1AA8-4257-BFE5-148930F3089D} = {7BE34B56-1756-49A7-8FC8-F81BED6F332D}
		{8C44FB57-6213-423B-92C3-21A87FF17C9C} = {063DDBE2-3DF9-4D44-B4F4-532778AF642E}
		{63CC95E4-9E87-4553-932B-EB1040D19392} = {8C44FB57-6213-423B-92C3-21A87FF17C9C}
		{33942C78-4574-41B7-869C-F1B9E5766CA2} = {8C44FB57-6213-423B-92C3-21A87FF17C9C}
		{822E4D0F-AFDA-4012-97C4-15A141C7198B} = {8C44FB57-6213-423B-92C3-21A87FF17C9C}
		{7B938599-7790-469F-B45B-FF5535A40BD2} = {8C44FB57-6213-423B-92C3-21A87FF17C9C}
		{25270FF8-B278-4B63-A866-BFF6CAEDD0E0} = {B1B5432E-FAD6-4C8C-8064-350F03B730C1}
		{5C4DBFF8-E82C-4528-8E17-792D77B6AD39} = {25270FF8-B278-4B63-A866-BFF6CAEDD0E0}
		{10AF16E3-DF63-4DFE-89A3-F734875152ED} = {25270FF8-B278-4B63-A866-BFF6CAEDD0E0}
		{AF3E7E7E-42FB-4FC3-BBF8-665053610BB5} = {25270FF8-B278-4B63-A866-BFF6CAEDD0E0}
		{E56F4B60-91D2-4A13-A19E-90C42C4B5176} = {25270FF8-B278-4B63-A866-BFF6CAEDD0E0}
		{A359A71A-238F-44FE-B6DB-9E713FFE3DCA} = {B1B5432E-FAD6-4C8C-8064-350F03B730C1}
		{FE9975DE-F272-437A-B4F6-A25DAB0CB6CA} = {A359A71A-238F-44FE-B6DB-9E713FFE3DCA}
		{B26778A0-C7A7-40F3-A857-13F194ED36A8} = {A359A71A-238F-44FE-B6DB-9E713FFE3DCA}
		{FCF69D9E-BB2C-4358-96A3-91040A7D2474} = {A359A71A-238F-44FE-B6DB-9E713FFE3DCA}
		{894F22F2-A51C-41AB-B3B4-427D1485C599} = {A359A71A-238F-44FE-B6DB-9E713FFE3DCA}
	EndGlobalSection
	GlobalSection(ExtensibilityGlobals) = postSolution
		SolutionGuid = {6EC6F4E2-BECD-4776-917F-4221DC1C37A1}
	EndGlobalSection
EndGlobal
